
Microsoft Visual Studio Solution File, Format Version 12.00
# Visual Studio Version 17
VisualStudioVersion = 17.3.32929.385
MinimumVisualStudioVersion = 10.0.40219.1
Project("{FAE04EC0-301F-11D3-BF4B-00C04F79EFBC}") = "ConsoleApp1", "ConsoleApp1\ConsoleApp1.csproj", "{DF63C59B-3356-4EE1-8AFE-4D96B200B453}"
EndProject
Global
	GlobalSection(SolutionConfigurationPlatforms) = preSolution
		Debug|Any CPU = Debug|Any CPU
		Release|Any CPU = Release|Any CPU
	EndGlobalSection
	GlobalSection(ProjectConfigurationPlatforms) = postSolution
		{DF63C59B-3356-4EE1-8AFE-4D96B200B453}.Debug|Any CPU.ActiveCfg = Debug|Any CPU
		{DF63C59B-3356-4EE1-8AFE-4D96B200B453}.Debug|Any CPU.Build.0 = Debug|Any CPU
		{DF63C59B-3356-4EE1-8AFE-4D96B200B453}.Release|Any CPU.ActiveCfg = Release|Any CPU
		{DF63C59B-3356-4EE1-8AFE-4D96B200B453}.Release|Any CPU.Build.0 = Release|Any CPU
	EndGlobalSection
	GlobalSection(SolutionProperties) = preSolution
		HideSolutionNode = FALSE
	EndGlobalSection
	GlobalSection(ExtensibilityGlobals) = postSolution
		SolutionGuid = {7B8B5879-4115-46FD-BA62-8C8793C77FF7}
	EndGlobalSection
EndGlobal
