
Microsoft Visual Studio Solution File, Format Version 12.00
# Visual Studio Version 17
VisualStudioVersion = 17.3.32929.385
MinimumVisualStudioVersion = 10.0.40219.1
Project("{FAE04EC0-301F-11D3-BF4B-00C04F79EFBC}") = "01 the immitation game", "ConsoleApp1\01 the immitation game.csproj", "{D609C9B0-CC3D-4A10-BEC9-31D7699CE252}"
EndProject
Project("{FAE04EC0-301F-11D3-BF4B-00C04F79EFBC}") = "02 destination mapper", "02 mirror words\02 destination mapper.csproj", "{681AA20B-7EA7-4C4C-A055-61697E2B1C6D}"
EndProject
Project("{FAE04EC0-301F-11D3-BF4B-00C04F79EFBC}") = "03 need for speed III", "03 Need for speed 3\03 need for speed III.csproj", "{B81AFE26-D081-4233-8BBF-8B4241589C2A}"
EndProject
Global
	GlobalSection(SolutionConfigurationPlatforms) = preSolution
		Debug|Any CPU = Debug|Any CPU
		Release|Any CPU = Release|Any CPU
	EndGlobalSection
	GlobalSection(ProjectConfigurationPlatforms) = postSolution
		{D609C9B0-CC3D-4A10-BEC9-31D7699CE252}.Debug|Any CPU.ActiveCfg = Debug|Any CPU
		{D609C9B0-CC3D-4A10-BEC9-31D7699CE252}.Debug|Any CPU.Build.0 = Debug|Any CPU
		{D609C9B0-CC3D-4A10-BEC9-31D7699CE252}.Release|Any CPU.ActiveCfg = Release|Any CPU
		{D609C9B0-CC3D-4A10-BEC9-31D7699CE252}.Release|Any CPU.Build.0 = Release|Any CPU
		{681AA20B-7EA7-4C4C-A055-61697E2B1C6D}.Debug|Any CPU.ActiveCfg = Debug|Any CPU
		{681AA20B-7EA7-4C4C-A055-61697E2B1C6D}.Debug|Any CPU.Build.0 = Debug|Any CPU
		{681AA20B-7EA7-4C4C-A055-61697E2B1C6D}.Release|Any CPU.ActiveCfg = Release|Any CPU
		{681AA20B-7EA7-4C4C-A055-61697E2B1C6D}.Release|Any CPU.Build.0 = Release|Any CPU
		{B81AFE26-D081-4233-8BBF-8B4241589C2A}.Debug|Any CPU.ActiveCfg = Debug|Any CPU
		{B81AFE26-D081-4233-8BBF-8B4241589C2A}.Debug|Any CPU.Build.0 = Debug|Any CPU
		{B81AFE26-D081-4233-8BBF-8B4241589C2A}.Release|Any CPU.ActiveCfg = Release|Any CPU
		{B81AFE26-D081-4233-8BBF-8B4241589C2A}.Release|Any CPU.Build.0 = Release|Any CPU
	EndGlobalSection
	GlobalSection(SolutionProperties) = preSolution
		HideSolutionNode = FALSE
	EndGlobalSection
	GlobalSection(ExtensibilityGlobals) = postSolution
		SolutionGuid = {DDCD71FC-39A7-4878-887C-76A406625543}
	EndGlobalSection
EndGlobal
