
Microsoft Visual Studio Solution File, Format Version 12.00
# Visual Studio Version 17
VisualStudioVersion = 17.3.32929.385
MinimumVisualStudioVersion = 10.0.40219.1
Project("{FAE04EC0-301F-11D3-BF4B-00C04F79EFBC}") = "ex1", "FINAL EXAM\ex1.csproj", "{FB9A5584-06C0-47D2-AD36-F2B470012138}"
EndProject
Project("{FAE04EC0-301F-11D3-BF4B-00C04F79EFBC}") = "ex2", "ex2\ex2.csproj", "{75CAD411-C7A8-4556-A4AA-A77A2E8725A1}"
EndProject
Project("{FAE04EC0-301F-11D3-BF4B-00C04F79EFBC}") = "ConsoleApp1", "ConsoleApp1\ConsoleApp1.csproj", "{B1D5F021-2BAC-44F2-B439-7D5FC9A8C9BD}"
EndProject
Global
	GlobalSection(SolutionConfigurationPlatforms) = preSolution
		Debug|Any CPU = Debug|Any CPU
		Release|Any CPU = Release|Any CPU
	EndGlobalSection
	GlobalSection(ProjectConfigurationPlatforms) = postSolution
		{FB9A5584-06C0-47D2-AD36-F2B470012138}.Debug|Any CPU.ActiveCfg = Debug|Any CPU
		{FB9A5584-06C0-47D2-AD36-F2B470012138}.Debug|Any CPU.Build.0 = Debug|Any CPU
		{FB9A5584-06C0-47D2-AD36-F2B470012138}.Release|Any CPU.ActiveCfg = Release|Any CPU
		{FB9A5584-06C0-47D2-AD36-F2B470012138}.Release|Any CPU.Build.0 = Release|Any CPU
		{75CAD411-C7A8-4556-A4AA-A77A2E8725A1}.Debug|Any CPU.ActiveCfg = Debug|Any CPU
		{75CAD411-C7A8-4556-A4AA-A77A2E8725A1}.Debug|Any CPU.Build.0 = Debug|Any CPU
		{75CAD411-C7A8-4556-A4AA-A77A2E8725A1}.Release|Any CPU.ActiveCfg = Release|Any CPU
		{75CAD411-C7A8-4556-A4AA-A77A2E8725A1}.Release|Any CPU.Build.0 = Release|Any CPU
		{B1D5F021-2BAC-44F2-B439-7D5FC9A8C9BD}.Debug|Any CPU.ActiveCfg = Debug|Any CPU
		{B1D5F021-2BAC-44F2-B439-7D5FC9A8C9BD}.Debug|Any CPU.Build.0 = Debug|Any CPU
		{B1D5F021-2BAC-44F2-B439-7D5FC9A8C9BD}.Release|Any CPU.ActiveCfg = Release|Any CPU
		{B1D5F021-2BAC-44F2-B439-7D5FC9A8C9BD}.Release|Any CPU.Build.0 = Release|Any CPU
	EndGlobalSection
	GlobalSection(SolutionProperties) = preSolution
		HideSolutionNode = FALSE
	EndGlobalSection
	GlobalSection(ExtensibilityGlobals) = postSolution
		SolutionGuid = {6093D3A4-D174-4CFD-A7AD-CC22B4BB42B8}
	EndGlobalSection
EndGlobal
