
Microsoft Visual Studio Solution File, Format Version 12.00
# Visual Studio Version 17
VisualStudioVersion = 17.3.32929.385
MinimumVisualStudioVersion = 10.0.40219.1
Project("{9A19103F-16F7-4668-BE54-9A1E7A4F7556}") = "UniversityCompetition", "UniversityCompetition.csproj", "{BEDDC5C3-B7B2-4513-826F-81EA08BA676B}"
EndProject
Global
	GlobalSection(SolutionConfigurationPlatforms) = preSolution
		Debug|Any CPU = Debug|Any CPU
		Release|Any CPU = Release|Any CPU
	EndGlobalSection
	GlobalSection(ProjectConfigurationPlatforms) = postSolution
		{BEDDC5C3-B7B2-4513-826F-81EA08BA676B}.Debug|Any CPU.ActiveCfg = Debug|Any CPU
		{BEDDC5C3-B7B2-4513-826F-81EA08BA676B}.Debug|Any CPU.Build.0 = Debug|Any CPU
		{BEDDC5C3-B7B2-4513-826F-81EA08BA676B}.Release|Any CPU.ActiveCfg = Release|Any CPU
		{BEDDC5C3-B7B2-4513-826F-81EA08BA676B}.Release|Any CPU.Build.0 = Release|Any CPU
	EndGlobalSection
	GlobalSection(SolutionProperties) = preSolution
		HideSolutionNode = FALSE
	EndGlobalSection
	GlobalSection(ExtensibilityGlobals) = postSolution
		SolutionGuid = {2E4691B3-194B-441B-8FCF-08E34A578F43}
	EndGlobalSection
EndGlobal
