
Microsoft Visual Studio Solution File, Format Version 12.00
# Visual Studio Version 17
VisualStudioVersion = 17.13.35931.197
MinimumVisualStudioVersion = 10.0.40219.1
Project("{54A90642-561A-4BB1-A94E-469ADEE60C69}") = "calisthenix.client", "calisthenix.client\calisthenix.client.esproj", "{DCA84FE2-6F76-EF1F-EE11-7FA83C5CE90B}"
EndProject
Project("{FAE04EC0-301F-11D3-BF4B-00C04F79EFBC}") = "Calisthenix.Server", "Calisthenix.Server\Calisthenix.Server.csproj", "{D316D2E1-20A8-4546-9994-983DA97BBEA4}"
EndProject
Project("{FAE04EC0-301F-11D3-BF4B-00C04F79EFBC}") = "Calisthenix.Tests", "Calisthenix.Tests\Calisthenix.Tests.csproj", "{AC06C7D8-E86F-4E67-ACE2-5271F2745EE7}"
EndProject
Global
	GlobalSection(SolutionConfigurationPlatforms) = preSolution
		Debug|Any CPU = Debug|Any CPU
		Release|Any CPU = Release|Any CPU
	EndGlobalSection
	GlobalSection(ProjectConfigurationPlatforms) = postSolution
		{DCA84FE2-6F76-EF1F-EE11-7FA83C5CE90B}.Debug|Any CPU.ActiveCfg = Debug|Any CPU
		{DCA84FE2-6F76-EF1F-EE11-7FA83C5CE90B}.Debug|Any CPU.Build.0 = Debug|Any CPU
		{DCA84FE2-6F76-EF1F-EE11-7FA83C5CE90B}.Debug|Any CPU.Deploy.0 = Debug|Any CPU
		{DCA84FE2-6F76-EF1F-EE11-7FA83C5CE90B}.Release|Any CPU.ActiveCfg = Release|Any CPU
		{DCA84FE2-6F76-EF1F-EE11-7FA83C5CE90B}.Release|Any CPU.Build.0 = Release|Any CPU
		{DCA84FE2-6F76-EF1F-EE11-7FA83C5CE90B}.Release|Any CPU.Deploy.0 = Release|Any CPU
		{D316D2E1-20A8-4546-9994-983DA97BBEA4}.Debug|Any CPU.ActiveCfg = Debug|Any CPU
		{D316D2E1-20A8-4546-9994-983DA97BBEA4}.Debug|Any CPU.Build.0 = Debug|Any CPU
		{D316D2E1-20A8-4546-9994-983DA97BBEA4}.Release|Any CPU.ActiveCfg = Release|Any CPU
		{D316D2E1-20A8-4546-9994-983DA97BBEA4}.Release|Any CPU.Build.0 = Release|Any CPU
		{AC06C7D8-E86F-4E67-ACE2-5271F2745EE7}.Debug|Any CPU.ActiveCfg = Debug|Any CPU
		{AC06C7D8-E86F-4E67-ACE2-5271F2745EE7}.Debug|Any CPU.Build.0 = Debug|Any CPU
		{AC06C7D8-E86F-4E67-ACE2-5271F2745EE7}.Release|Any CPU.ActiveCfg = Release|Any CPU
		{AC06C7D8-E86F-4E67-ACE2-5271F2745EE7}.Release|Any CPU.Build.0 = Release|Any CPU
	EndGlobalSection
	GlobalSection(SolutionProperties) = preSolution
		HideSolutionNode = FALSE
	EndGlobalSection
	GlobalSection(ExtensibilityGlobals) = postSolution
		SolutionGuid = {6EAB0A68-78C3-4E19-99A8-B4AD4EF3C369}
	EndGlobalSection
EndGlobal
