
Microsoft Visual Studio Solution File, Format Version 12.00
# Visual Studio Version 17
VisualStudioVersion = 17.3.32929.385
MinimumVisualStudioVersion = 10.0.40219.1
Project("{FAE04EC0-301F-11D3-BF4B-00C04F79EFBC}") = "ConsoleApp1", "ConsoleApp2\ConsoleApp1.csproj", "{A8D6D992-2693-485B-8097-018F632AF4A4}"
EndProject
Project("{FAE04EC0-301F-11D3-BF4B-00C04F79EFBC}") = "ConsoleApp4", "ConsoleApp4\ConsoleApp4.csproj", "{219FDEFC-B2D9-43F3-ADC1-009BD12B2F38}"
EndProject
Project("{FAE04EC0-301F-11D3-BF4B-00C04F79EFBC}") = "ConsoleApp5", "ConsoleApp5\ConsoleApp5.csproj", "{CDECCF88-4EAF-4CDC-A1CB-89F9BE015D03}"
EndProject
Project("{FAE04EC0-301F-11D3-BF4B-00C04F79EFBC}") = "ConsoleApp6", "ConsoleApp6\ConsoleApp6.csproj", "{C77D4ABE-B658-48DE-9225-9F80DA060547}"
EndProject
Project("{FAE04EC0-301F-11D3-BF4B-00C04F79EFBC}") = "ConsoleApp7", "ConsoleApp7\ConsoleApp7.csproj", "{4AB3AC6F-AB1F-4692-A8A6-81FF4960845F}"
EndProject
Global
	GlobalSection(SolutionConfigurationPlatforms) = preSolution
		Debug|Any CPU = Debug|Any CPU
		Release|Any CPU = Release|Any CPU
	EndGlobalSection
	GlobalSection(ProjectConfigurationPlatforms) = postSolution
		{A8D6D992-2693-485B-8097-018F632AF4A4}.Debug|Any CPU.ActiveCfg = Debug|Any CPU
		{A8D6D992-2693-485B-8097-018F632AF4A4}.Debug|Any CPU.Build.0 = Debug|Any CPU
		{A8D6D992-2693-485B-8097-018F632AF4A4}.Release|Any CPU.ActiveCfg = Release|Any CPU
		{A8D6D992-2693-485B-8097-018F632AF4A4}.Release|Any CPU.Build.0 = Release|Any CPU
		{219FDEFC-B2D9-43F3-ADC1-009BD12B2F38}.Debug|Any CPU.ActiveCfg = Debug|Any CPU
		{219FDEFC-B2D9-43F3-ADC1-009BD12B2F38}.Debug|Any CPU.Build.0 = Debug|Any CPU
		{219FDEFC-B2D9-43F3-ADC1-009BD12B2F38}.Release|Any CPU.ActiveCfg = Release|Any CPU
		{219FDEFC-B2D9-43F3-ADC1-009BD12B2F38}.Release|Any CPU.Build.0 = Release|Any CPU
		{CDECCF88-4EAF-4CDC-A1CB-89F9BE015D03}.Debug|Any CPU.ActiveCfg = Debug|Any CPU
		{CDECCF88-4EAF-4CDC-A1CB-89F9BE015D03}.Debug|Any CPU.Build.0 = Debug|Any CPU
		{CDECCF88-4EAF-4CDC-A1CB-89F9BE015D03}.Release|Any CPU.ActiveCfg = Release|Any CPU
		{CDECCF88-4EAF-4CDC-A1CB-89F9BE015D03}.Release|Any CPU.Build.0 = Release|Any CPU
		{C77D4ABE-B658-48DE-9225-9F80DA060547}.Debug|Any CPU.ActiveCfg = Debug|Any CPU
		{C77D4ABE-B658-48DE-9225-9F80DA060547}.Debug|Any CPU.Build.0 = Debug|Any CPU
		{C77D4ABE-B658-48DE-9225-9F80DA060547}.Release|Any CPU.ActiveCfg = Release|Any CPU
		{C77D4ABE-B658-48DE-9225-9F80DA060547}.Release|Any CPU.Build.0 = Release|Any CPU
		{4AB3AC6F-AB1F-4692-A8A6-81FF4960845F}.Debug|Any CPU.ActiveCfg = Debug|Any CPU
		{4AB3AC6F-AB1F-4692-A8A6-81FF4960845F}.Debug|Any CPU.Build.0 = Debug|Any CPU
		{4AB3AC6F-AB1F-4692-A8A6-81FF4960845F}.Release|Any CPU.ActiveCfg = Release|Any CPU
		{4AB3AC6F-AB1F-4692-A8A6-81FF4960845F}.Release|Any CPU.Build.0 = Release|Any CPU
	EndGlobalSection
	GlobalSection(SolutionProperties) = preSolution
		HideSolutionNode = FALSE
	EndGlobalSection
	GlobalSection(ExtensibilityGlobals) = postSolution
		SolutionGuid = {9957C05E-40B4-4B71-B763-237D7A8032D6}
	EndGlobalSection
EndGlobal
