
Microsoft Visual Studio Solution File, Format Version 12.00
# Visual Studio Version 17
VisualStudioVersion = 17.3.32929.385
MinimumVisualStudioVersion = 10.0.40219.1
Project("{FAE04EC0-301F-11D3-BF4B-00C04F79EFBC}") = "ConsoleApp1", "ConsoleApp1\ConsoleApp1.csproj", "{E4D8D130-0AB0-4C63-87A4-37400160DCB7}"
EndProject
Project("{FAE04EC0-301F-11D3-BF4B-00C04F79EFBC}") = "ConsoleApp2", "ConsoleApp2\ConsoleApp2.csproj", "{0306D7C7-A7A6-43C5-812D-4BAB056E3FC4}"
EndProject
Project("{FAE04EC0-301F-11D3-BF4B-00C04F79EFBC}") = "ConsoleApp3", "ConsoleApp3\ConsoleApp3.csproj", "{9C918260-B094-4A75-B433-9CF8E7076A4D}"
EndProject
Project("{FAE04EC0-301F-11D3-BF4B-00C04F79EFBC}") = "ConsoleApp4", "ConsoleApp4\ConsoleApp4.csproj", "{31C0F738-FAE4-4122-A19D-EA380F505657}"
EndProject
Project("{FAE04EC0-301F-11D3-BF4B-00C04F79EFBC}") = "ConsoleApp5", "ConsoleApp5\ConsoleApp5.csproj", "{99E04F90-1F0F-4964-A8D3-69BFDB565D20}"
EndProject
Project("{FAE04EC0-301F-11D3-BF4B-00C04F79EFBC}") = "ConsoleApp6", "ConsoleApp6\ConsoleApp6.csproj", "{40D079FD-9A7D-4D2D-A5D5-65F313A25096}"
EndProject
Project("{FAE04EC0-301F-11D3-BF4B-00C04F79EFBC}") = "ConsoleApp7", "ConsoleApp7\ConsoleApp7.csproj", "{B50213FC-87C4-4B6A-BA7D-034C3A59239B}"
EndProject
Project("{FAE04EC0-301F-11D3-BF4B-00C04F79EFBC}") = "ConsoleApp8", "ConsoleApp8\ConsoleApp8.csproj", "{C90CE08F-EEF1-4D20-B2B7-0B23CB7F899D}"
EndProject
Global
	GlobalSection(SolutionConfigurationPlatforms) = preSolution
		Debug|Any CPU = Debug|Any CPU
		Release|Any CPU = Release|Any CPU
	EndGlobalSection
	GlobalSection(ProjectConfigurationPlatforms) = postSolution
		{E4D8D130-0AB0-4C63-87A4-37400160DCB7}.Debug|Any CPU.ActiveCfg = Debug|Any CPU
		{E4D8D130-0AB0-4C63-87A4-37400160DCB7}.Debug|Any CPU.Build.0 = Debug|Any CPU
		{E4D8D130-0AB0-4C63-87A4-37400160DCB7}.Release|Any CPU.ActiveCfg = Release|Any CPU
		{E4D8D130-0AB0-4C63-87A4-37400160DCB7}.Release|Any CPU.Build.0 = Release|Any CPU
		{0306D7C7-A7A6-43C5-812D-4BAB056E3FC4}.Debug|Any CPU.ActiveCfg = Debug|Any CPU
		{0306D7C7-A7A6-43C5-812D-4BAB056E3FC4}.Debug|Any CPU.Build.0 = Debug|Any CPU
		{0306D7C7-A7A6-43C5-812D-4BAB056E3FC4}.Release|Any CPU.ActiveCfg = Release|Any CPU
		{0306D7C7-A7A6-43C5-812D-4BAB056E3FC4}.Release|Any CPU.Build.0 = Release|Any CPU
		{9C918260-B094-4A75-B433-9CF8E7076A4D}.Debug|Any CPU.ActiveCfg = Debug|Any CPU
		{9C918260-B094-4A75-B433-9CF8E7076A4D}.Debug|Any CPU.Build.0 = Debug|Any CPU
		{9C918260-B094-4A75-B433-9CF8E7076A4D}.Release|Any CPU.ActiveCfg = Release|Any CPU
		{9C918260-B094-4A75-B433-9CF8E7076A4D}.Release|Any CPU.Build.0 = Release|Any CPU
		{31C0F738-FAE4-4122-A19D-EA380F505657}.Debug|Any CPU.ActiveCfg = Debug|Any CPU
		{31C0F738-FAE4-4122-A19D-EA380F505657}.Debug|Any CPU.Build.0 = Debug|Any CPU
		{31C0F738-FAE4-4122-A19D-EA380F505657}.Release|Any CPU.ActiveCfg = Release|Any CPU
		{31C0F738-FAE4-4122-A19D-EA380F505657}.Release|Any CPU.Build.0 = Release|Any CPU
		{99E04F90-1F0F-4964-A8D3-69BFDB565D20}.Debug|Any CPU.ActiveCfg = Debug|Any CPU
		{99E04F90-1F0F-4964-A8D3-69BFDB565D20}.Debug|Any CPU.Build.0 = Debug|Any CPU
		{99E04F90-1F0F-4964-A8D3-69BFDB565D20}.Release|Any CPU.ActiveCfg = Release|Any CPU
		{99E04F90-1F0F-4964-A8D3-69BFDB565D20}.Release|Any CPU.Build.0 = Release|Any CPU
		{40D079FD-9A7D-4D2D-A5D5-65F313A25096}.Debug|Any CPU.ActiveCfg = Debug|Any CPU
		{40D079FD-9A7D-4D2D-A5D5-65F313A25096}.Debug|Any CPU.Build.0 = Debug|Any CPU
		{40D079FD-9A7D-4D2D-A5D5-65F313A25096}.Release|Any CPU.ActiveCfg = Release|Any CPU
		{40D079FD-9A7D-4D2D-A5D5-65F313A25096}.Release|Any CPU.Build.0 = Release|Any CPU
		{B50213FC-87C4-4B6A-BA7D-034C3A59239B}.Debug|Any CPU.ActiveCfg = Debug|Any CPU
		{B50213FC-87C4-4B6A-BA7D-034C3A59239B}.Debug|Any CPU.Build.0 = Debug|Any CPU
		{B50213FC-87C4-4B6A-BA7D-034C3A59239B}.Release|Any CPU.ActiveCfg = Release|Any CPU
		{B50213FC-87C4-4B6A-BA7D-034C3A59239B}.Release|Any CPU.Build.0 = Release|Any CPU
		{C90CE08F-EEF1-4D20-B2B7-0B23CB7F899D}.Debug|Any CPU.ActiveCfg = Debug|Any CPU
		{C90CE08F-EEF1-4D20-B2B7-0B23CB7F899D}.Debug|Any CPU.Build.0 = Debug|Any CPU
		{C90CE08F-EEF1-4D20-B2B7-0B23CB7F899D}.Release|Any CPU.ActiveCfg = Release|Any CPU
		{C90CE08F-EEF1-4D20-B2B7-0B23CB7F899D}.Release|Any CPU.Build.0 = Release|Any CPU
	EndGlobalSection
	GlobalSection(SolutionProperties) = preSolution
		HideSolutionNode = FALSE
	EndGlobalSection
	GlobalSection(ExtensibilityGlobals) = postSolution
		SolutionGuid = {6EAD44B2-123A-434E-8887-6B653C7926F7}
	EndGlobalSection
EndGlobal
