
Microsoft Visual Studio Solution File, Format Version 12.00
# Visual Studio Version 17
VisualStudioVersion = 17.3.32929.385
MinimumVisualStudioVersion = 10.0.40219.1
Project("{FAE04EC0-301F-11D3-BF4B-00C04F79EFBC}") = "01 match full name", "ConsoleApp1\01 match full name.csproj", "{CA6E9228-23AB-4708-9B0D-A84D7E38255C}"
EndProject
Project("{FAE04EC0-301F-11D3-BF4B-00C04F79EFBC}") = "02 match phone number", "02 match phone number\02 match phone number.csproj", "{73B9CB24-2AF4-4A98-9BF0-E09BA42BE5A9}"
EndProject
Project("{FAE04EC0-301F-11D3-BF4B-00C04F79EFBC}") = "03 match dates", "03 match dates\03 match dates.csproj", "{6722B270-73BE-42EF-B7CF-91EECEB67A59}"
EndProject
Global
	GlobalSection(SolutionConfigurationPlatforms) = preSolution
		Debug|Any CPU = Debug|Any CPU
		Release|Any CPU = Release|Any CPU
	EndGlobalSection
	GlobalSection(ProjectConfigurationPlatforms) = postSolution
		{CA6E9228-23AB-4708-9B0D-A84D7E38255C}.Debug|Any CPU.ActiveCfg = Debug|Any CPU
		{CA6E9228-23AB-4708-9B0D-A84D7E38255C}.Debug|Any CPU.Build.0 = Debug|Any CPU
		{CA6E9228-23AB-4708-9B0D-A84D7E38255C}.Release|Any CPU.ActiveCfg = Release|Any CPU
		{CA6E9228-23AB-4708-9B0D-A84D7E38255C}.Release|Any CPU.Build.0 = Release|Any CPU
		{73B9CB24-2AF4-4A98-9BF0-E09BA42BE5A9}.Debug|Any CPU.ActiveCfg = Debug|Any CPU
		{73B9CB24-2AF4-4A98-9BF0-E09BA42BE5A9}.Debug|Any CPU.Build.0 = Debug|Any CPU
		{73B9CB24-2AF4-4A98-9BF0-E09BA42BE5A9}.Release|Any CPU.ActiveCfg = Release|Any CPU
		{73B9CB24-2AF4-4A98-9BF0-E09BA42BE5A9}.Release|Any CPU.Build.0 = Release|Any CPU
		{6722B270-73BE-42EF-B7CF-91EECEB67A59}.Debug|Any CPU.ActiveCfg = Debug|Any CPU
		{6722B270-73BE-42EF-B7CF-91EECEB67A59}.Debug|Any CPU.Build.0 = Debug|Any CPU
		{6722B270-73BE-42EF-B7CF-91EECEB67A59}.Release|Any CPU.ActiveCfg = Release|Any CPU
		{6722B270-73BE-42EF-B7CF-91EECEB67A59}.Release|Any CPU.Build.0 = Release|Any CPU
	EndGlobalSection
	GlobalSection(SolutionProperties) = preSolution
		HideSolutionNode = FALSE
	EndGlobalSection
	GlobalSection(ExtensibilityGlobals) = postSolution
		SolutionGuid = {54D2A208-093D-4BB9-A11D-689BBE89645A}
	EndGlobalSection
EndGlobal
