
Microsoft Visual Studio Solution File, Format Version 12.00
# Visual Studio Version 17
VisualStudioVersion = 17.3.32929.385
MinimumVisualStudioVersion = 10.0.40219.1
Project("{FAE04EC0-301F-11D3-BF4B-00C04F79EFBC}") = "TicTacToe", "TicTacToe\TicTacToe.csproj", "{8BC53713-AF0B-43BD-BC3C-F3326BDA66FD}"
EndProject
Global
	GlobalSection(SolutionConfigurationPlatforms) = preSolution
		Debug|Any CPU = Debug|Any CPU
		Release|Any CPU = Release|Any CPU
	EndGlobalSection
	GlobalSection(ProjectConfigurationPlatforms) = postSolution
		{8BC53713-AF0B-43BD-BC3C-F3326BDA66FD}.Debug|Any CPU.ActiveCfg = Debug|Any CPU
		{8BC53713-AF0B-43BD-BC3C-F3326BDA66FD}.Debug|Any CPU.Build.0 = Debug|Any CPU
		{8BC53713-AF0B-43BD-BC3C-F3326BDA66FD}.Release|Any CPU.ActiveCfg = Release|Any CPU
		{8BC53713-AF0B-43BD-BC3C-F3326BDA66FD}.Release|Any CPU.Build.0 = Release|Any CPU
	EndGlobalSection
	GlobalSection(SolutionProperties) = preSolution
		HideSolutionNode = FALSE
	EndGlobalSection
	GlobalSection(ExtensibilityGlobals) = postSolution
		SolutionGuid = {C91E406D-9A7C-48B4-BFE6-E3BAEC7A89EF}
	EndGlobalSection
EndGlobal
