
Microsoft Visual Studio Solution File, Format Version 12.00
# Visual Studio Version 17
VisualStudioVersion = 17.3.32929.385
MinimumVisualStudioVersion = 10.0.40219.1
Project("{9A19103F-16F7-4668-BE54-9A1E7A4F7556}") = "INStock", "INStock\INStock.csproj", "{0061BAFC-4B2B-41C3-94B5-5D37B0C03533}"
EndProject
Project("{9A19103F-16F7-4668-BE54-9A1E7A4F7556}") = "INStock.Tests", "INStock.Tests\INStock.Tests.csproj", "{C7D5FB70-DE52-45EB-AF29-EB96A2D7A462}"
EndProject
Global
	GlobalSection(SolutionConfigurationPlatforms) = preSolution
		Debug|Any CPU = Debug|Any CPU
		Release|Any CPU = Release|Any CPU
	EndGlobalSection
	GlobalSection(ProjectConfigurationPlatforms) = postSolution
		{0061BAFC-4B2B-41C3-94B5-5D37B0C03533}.Debug|Any CPU.ActiveCfg = Debug|Any CPU
		{0061BAFC-4B2B-41C3-94B5-5D37B0C03533}.Debug|Any CPU.Build.0 = Debug|Any CPU
		{0061BAFC-4B2B-41C3-94B5-5D37B0C03533}.Release|Any CPU.ActiveCfg = Release|Any CPU
		{0061BAFC-4B2B-41C3-94B5-5D37B0C03533}.Release|Any CPU.Build.0 = Release|Any CPU
		{C7D5FB70-DE52-45EB-AF29-EB96A2D7A462}.Debug|Any CPU.ActiveCfg = Debug|Any CPU
		{C7D5FB70-DE52-45EB-AF29-EB96A2D7A462}.Debug|Any CPU.Build.0 = Debug|Any CPU
		{C7D5FB70-DE52-45EB-AF29-EB96A2D7A462}.Release|Any CPU.ActiveCfg = Release|Any CPU
		{C7D5FB70-DE52-45EB-AF29-EB96A2D7A462}.Release|Any CPU.Build.0 = Release|Any CPU
	EndGlobalSection
	GlobalSection(SolutionProperties) = preSolution
		HideSolutionNode = FALSE
	EndGlobalSection
	GlobalSection(ExtensibilityGlobals) = postSolution
		SolutionGuid = {6C769CCF-EFE3-4D5C-84BB-C6E35D8C2994}
	EndGlobalSection
EndGlobal
