
Microsoft Visual Studio Solution File, Format Version 12.00
# Visual Studio Version 17
VisualStudioVersion = 17.3.32929.385
MinimumVisualStudioVersion = 10.0.40219.1
Project("{9A19103F-16F7-4668-BE54-9A1E7A4F7556}") = "RobotService", "RobotService.csproj", "{2E4B2BC0-0037-464C-98DA-486BBD66FC4B}"
EndProject
Global
	GlobalSection(SolutionConfigurationPlatforms) = preSolution
		Debug|Any CPU = Debug|Any CPU
		Release|Any CPU = Release|Any CPU
	EndGlobalSection
	GlobalSection(ProjectConfigurationPlatforms) = postSolution
		{2E4B2BC0-0037-464C-98DA-486BBD66FC4B}.Debug|Any CPU.ActiveCfg = Debug|Any CPU
		{2E4B2BC0-0037-464C-98DA-486BBD66FC4B}.Debug|Any CPU.Build.0 = Debug|Any CPU
		{2E4B2BC0-0037-464C-98DA-486BBD66FC4B}.Release|Any CPU.ActiveCfg = Release|Any CPU
		{2E4B2BC0-0037-464C-98DA-486BBD66FC4B}.Release|Any CPU.Build.0 = Release|Any CPU
	EndGlobalSection
	GlobalSection(SolutionProperties) = preSolution
		HideSolutionNode = FALSE
	EndGlobalSection
	GlobalSection(ExtensibilityGlobals) = postSolution
		SolutionGuid = {FE5D9780-6DF6-4533-AEE6-404FE4EA1B60}
	EndGlobalSection
EndGlobal
