
Microsoft Visual Studio Solution File, Format Version 12.00
# Visual Studio Version 17
VisualStudioVersion = 17.3.32929.385
MinimumVisualStudioVersion = 10.0.40219.1
Project("{FAE04EC0-301F-11D3-BF4B-00C04F79EFBC}") = "01 randomize words", "ConsoleApp1\01 randomize words.csproj", "{170F9506-9E86-4831-AA21-59E4F006FC43}"
EndProject
Project("{FAE04EC0-301F-11D3-BF4B-00C04F79EFBC}") = "02 big factorial", "02 big factorial\02 big factorial.csproj", "{265EB377-94F7-4E21-A532-C2633818317C}"
EndProject
Project("{FAE04EC0-301F-11D3-BF4B-00C04F79EFBC}") = "03 songs", "03 songs\03 songs.csproj", "{C7128BF5-F252-44AC-8C3E-B98810EBFA06}"
EndProject
Project("{FAE04EC0-301F-11D3-BF4B-00C04F79EFBC}") = "04 students", "04 students\04 students.csproj", "{83430DBE-7BF4-4B1C-81FF-A16B420663B4}"
EndProject
Project("{FAE04EC0-301F-11D3-BF4B-00C04F79EFBC}") = "05 students 2.0", "05 students 2.0\05 students 2.0.csproj", "{B5F84E86-95CB-4905-B243-AB195D1FFBAD}"
EndProject
Project("{FAE04EC0-301F-11D3-BF4B-00C04F79EFBC}") = "06 store boxes", "06 store boxes\06 store boxes.csproj", "{286BF480-7DFB-499B-B1F4-6A5A5A4D310A}"
EndProject
Project("{FAE04EC0-301F-11D3-BF4B-00C04F79EFBC}") = "07 vehicle catalgoue", "07 vehicle catalgoue\07 vehicle catalgoue.csproj", "{D9BE0CAD-E9F7-4C12-854B-E99978808A4F}"
EndProject
Global
	GlobalSection(SolutionConfigurationPlatforms) = preSolution
		Debug|Any CPU = Debug|Any CPU
		Release|Any CPU = Release|Any CPU
	EndGlobalSection
	GlobalSection(ProjectConfigurationPlatforms) = postSolution
		{170F9506-9E86-4831-AA21-59E4F006FC43}.Debug|Any CPU.ActiveCfg = Debug|Any CPU
		{170F9506-9E86-4831-AA21-59E4F006FC43}.Debug|Any CPU.Build.0 = Debug|Any CPU
		{170F9506-9E86-4831-AA21-59E4F006FC43}.Release|Any CPU.ActiveCfg = Release|Any CPU
		{170F9506-9E86-4831-AA21-59E4F006FC43}.Release|Any CPU.Build.0 = Release|Any CPU
		{265EB377-94F7-4E21-A532-C2633818317C}.Debug|Any CPU.ActiveCfg = Debug|Any CPU
		{265EB377-94F7-4E21-A532-C2633818317C}.Debug|Any CPU.Build.0 = Debug|Any CPU
		{265EB377-94F7-4E21-A532-C2633818317C}.Release|Any CPU.ActiveCfg = Release|Any CPU
		{265EB377-94F7-4E21-A532-C2633818317C}.Release|Any CPU.Build.0 = Release|Any CPU
		{C7128BF5-F252-44AC-8C3E-B98810EBFA06}.Debug|Any CPU.ActiveCfg = Debug|Any CPU
		{C7128BF5-F252-44AC-8C3E-B98810EBFA06}.Debug|Any CPU.Build.0 = Debug|Any CPU
		{C7128BF5-F252-44AC-8C3E-B98810EBFA06}.Release|Any CPU.ActiveCfg = Release|Any CPU
		{C7128BF5-F252-44AC-8C3E-B98810EBFA06}.Release|Any CPU.Build.0 = Release|Any CPU
		{83430DBE-7BF4-4B1C-81FF-A16B420663B4}.Debug|Any CPU.ActiveCfg = Debug|Any CPU
		{83430DBE-7BF4-4B1C-81FF-A16B420663B4}.Debug|Any CPU.Build.0 = Debug|Any CPU
		{83430DBE-7BF4-4B1C-81FF-A16B420663B4}.Release|Any CPU.ActiveCfg = Release|Any CPU
		{83430DBE-7BF4-4B1C-81FF-A16B420663B4}.Release|Any CPU.Build.0 = Release|Any CPU
		{B5F84E86-95CB-4905-B243-AB195D1FFBAD}.Debug|Any CPU.ActiveCfg = Debug|Any CPU
		{B5F84E86-95CB-4905-B243-AB195D1FFBAD}.Debug|Any CPU.Build.0 = Debug|Any CPU
		{B5F84E86-95CB-4905-B243-AB195D1FFBAD}.Release|Any CPU.ActiveCfg = Release|Any CPU
		{B5F84E86-95CB-4905-B243-AB195D1FFBAD}.Release|Any CPU.Build.0 = Release|Any CPU
		{286BF480-7DFB-499B-B1F4-6A5A5A4D310A}.Debug|Any CPU.ActiveCfg = Debug|Any CPU
		{286BF480-7DFB-499B-B1F4-6A5A5A4D310A}.Debug|Any CPU.Build.0 = Debug|Any CPU
		{286BF480-7DFB-499B-B1F4-6A5A5A4D310A}.Release|Any CPU.ActiveCfg = Release|Any CPU
		{286BF480-7DFB-499B-B1F4-6A5A5A4D310A}.Release|Any CPU.Build.0 = Release|Any CPU
		{D9BE0CAD-E9F7-4C12-854B-E99978808A4F}.Debug|Any CPU.ActiveCfg = Debug|Any CPU
		{D9BE0CAD-E9F7-4C12-854B-E99978808A4F}.Debug|Any CPU.Build.0 = Debug|Any CPU
		{D9BE0CAD-E9F7-4C12-854B-E99978808A4F}.Release|Any CPU.ActiveCfg = Release|Any CPU
		{D9BE0CAD-E9F7-4C12-854B-E99978808A4F}.Release|Any CPU.Build.0 = Release|Any CPU
	EndGlobalSection
	GlobalSection(SolutionProperties) = preSolution
		HideSolutionNode = FALSE
	EndGlobalSection
	GlobalSection(ExtensibilityGlobals) = postSolution
		SolutionGuid = {716ED005-AA17-413B-A4C6-8088CCF34E87}
	EndGlobalSection
EndGlobal
