
Microsoft Visual Studio Solution File, Format Version 12.00
# Visual Studio Version 17
VisualStudioVersion = 17.13.35919.96 d17.13
MinimumVisualStudioVersion = 10.0.40219.1
Project("{FAE04EC0-301F-11D3-BF4B-00C04F79EFBC}") = "CinemaApp.Web", "CinemaApp\CinemaApp.Web.csproj", "{17F82044-4AD7-4113-94C9-7E24C28D5F5D}"
EndProject
Project("{2150E333-8FDC-42A3-9474-1A3956D46DE8}") = "Data", "Data", "{02EA681E-C7D8-13C7-8484-4AC65E1B71E8}"
EndProject
Project("{2150E333-8FDC-42A3-9474-1A3956D46DE8}") = "Services", "Services", "{C8347219-1C67-45B6-BD1E-00FD5DDFF94C}"
EndProject
Project("{2150E333-8FDC-42A3-9474-1A3956D46DE8}") = "Tests", "Tests", "{744666C0-E69F-4DA8-8445-BAA0139E624F}"
EndProject
Project("{2150E333-8FDC-42A3-9474-1A3956D46DE8}") = "Web", "Web", "{E9F39ADB-1A77-4205-8E24-7396BC55CF78}"
EndProject
Project("{FAE04EC0-301F-11D3-BF4B-00C04F79EFBC}") = "CinemaApp.GCommon", "CinemaApp.GCommon\CinemaApp.GCommon.csproj", "{7DD1F1DF-3F4F-432E-9BBF-1277081197F6}"
EndProject
Project("{FAE04EC0-301F-11D3-BF4B-00C04F79EFBC}") = "CinemaApp.IntegrationTests", "CinemaApp.IntegrationTests\CinemaApp.IntegrationTests.csproj", "{06E38CB7-5761-4462-8969-EC4732AB0E99}"
EndProject
Project("{FAE04EC0-301F-11D3-BF4B-00C04F79EFBC}") = "CinemaApp.Services.Tests", "CinemaApp.Services.Tests\CinemaApp.Services.Tests.csproj", "{B0DFFE5A-D1D1-4C61-8ABB-57F0B114095E}"
EndProject
Project("{FAE04EC0-301F-11D3-BF4B-00C04F79EFBC}") = "CinemaApp.Web.Tests", "CinemaApp.Web.Tests\CinemaApp.Web.Tests.csproj", "{8439137C-F543-425E-9FB2-AEE2CEC9501A}"
EndProject
Project("{FAE04EC0-301F-11D3-BF4B-00C04F79EFBC}") = "CinemaApp.Services.AutoMapping", "CinemaApp.Services.AutoMapping\CinemaApp.Services.AutoMapping.csproj", "{7FD72CEC-162F-4470-9B96-151E0AFDEA89}"
EndProject
Project("{FAE04EC0-301F-11D3-BF4B-00C04F79EFBC}") = "CinemaApp.Services.Common", "CinemaApp.Services.Common\CinemaApp.Services.Common.csproj", "{676AEF78-7147-49F2-A6CE-EE1D62B9695C}"
EndProject
Project("{FAE04EC0-301F-11D3-BF4B-00C04F79EFBC}") = "CinemaApp.Services.Core", "CinemaApp.Services.Core\CinemaApp.Services.Core.csproj", "{0104AE5A-487F-4602-9EB1-32EDB014A0A0}"
EndProject
Project("{FAE04EC0-301F-11D3-BF4B-00C04F79EFBC}") = "CinemaApp.Data", "CinemaApp.Data\CinemaApp.Data.csproj", "{737FCBAF-0C43-442A-8766-DED1901E84B0}"
EndProject
Project("{FAE04EC0-301F-11D3-BF4B-00C04F79EFBC}") = "CinemaApp.Data.Common", "CinemaApp.Data.Common\CinemaApp.Data.Common.csproj", "{E6111C96-2B3A-47DA-9C81-9F3EE95B714B}"
EndProject
Project("{FAE04EC0-301F-11D3-BF4B-00C04F79EFBC}") = "CinemaApp.Data.Models", "CinemaApp.Data.Models\CinemaApp.Data.Models.csproj", "{E3D1A47D-9414-4ED3-8F00-0AE89D29A8F8}"
EndProject
Project("{FAE04EC0-301F-11D3-BF4B-00C04F79EFBC}") = "CinemaApp.Web.Infrastructure", "CinemaApp.Web.Infrastructure\CinemaApp.Web.Infrastructure.csproj", "{3DDA2216-F3A3-49AC-A6BB-FC8103CDE50E}"
EndProject
Project("{FAE04EC0-301F-11D3-BF4B-00C04F79EFBC}") = "CinemaApp.Web.ViewModels", "CinemaApp.Web.ViewModels\CinemaApp.Web.ViewModels.csproj", "{C9D77A74-05B7-4F4F-BB89-E20CBAB4780F}"
EndProject
Global
	GlobalSection(SolutionConfigurationPlatforms) = preSolution
		Debug|Any CPU = Debug|Any CPU
		Release|Any CPU = Release|Any CPU
	EndGlobalSection
	GlobalSection(ProjectConfigurationPlatforms) = postSolution
		{17F82044-4AD7-4113-94C9-7E24C28D5F5D}.Debug|Any CPU.ActiveCfg = Debug|Any CPU
		{17F82044-4AD7-4113-94C9-7E24C28D5F5D}.Debug|Any CPU.Build.0 = Debug|Any CPU
		{17F82044-4AD7-4113-94C9-7E24C28D5F5D}.Release|Any CPU.ActiveCfg = Release|Any CPU
		{17F82044-4AD7-4113-94C9-7E24C28D5F5D}.Release|Any CPU.Build.0 = Release|Any CPU
		{7DD1F1DF-3F4F-432E-9BBF-1277081197F6}.Debug|Any CPU.ActiveCfg = Debug|Any CPU
		{7DD1F1DF-3F4F-432E-9BBF-1277081197F6}.Debug|Any CPU.Build.0 = Debug|Any CPU
		{7DD1F1DF-3F4F-432E-9BBF-1277081197F6}.Release|Any CPU.ActiveCfg = Release|Any CPU
		{7DD1F1DF-3F4F-432E-9BBF-1277081197F6}.Release|Any CPU.Build.0 = Release|Any CPU
		{06E38CB7-5761-4462-8969-EC4732AB0E99}.Debug|Any CPU.ActiveCfg = Debug|Any CPU
		{06E38CB7-5761-4462-8969-EC4732AB0E99}.Debug|Any CPU.Build.0 = Debug|Any CPU
		{06E38CB7-5761-4462-8969-EC4732AB0E99}.Release|Any CPU.ActiveCfg = Release|Any CPU
		{06E38CB7-5761-4462-8969-EC4732AB0E99}.Release|Any CPU.Build.0 = Release|Any CPU
		{B0DFFE5A-D1D1-4C61-8ABB-57F0B114095E}.Debug|Any CPU.ActiveCfg = Debug|Any CPU
		{B0DFFE5A-D1D1-4C61-8ABB-57F0B114095E}.Debug|Any CPU.Build.0 = Debug|Any CPU
		{B0DFFE5A-D1D1-4C61-8ABB-57F0B114095E}.Release|Any CPU.ActiveCfg = Release|Any CPU
		{B0DFFE5A-D1D1-4C61-8ABB-57F0B114095E}.Release|Any CPU.Build.0 = Release|Any CPU
		{8439137C-F543-425E-9FB2-AEE2CEC9501A}.Debug|Any CPU.ActiveCfg = Debug|Any CPU
		{8439137C-F543-425E-9FB2-AEE2CEC9501A}.Debug|Any CPU.Build.0 = Debug|Any CPU
		{8439137C-F543-425E-9FB2-AEE2CEC9501A}.Release|Any CPU.ActiveCfg = Release|Any CPU
		{8439137C-F543-425E-9FB2-AEE2CEC9501A}.Release|Any CPU.Build.0 = Release|Any CPU
		{7FD72CEC-162F-4470-9B96-151E0AFDEA89}.Debug|Any CPU.ActiveCfg = Debug|Any CPU
		{7FD72CEC-162F-4470-9B96-151E0AFDEA89}.Debug|Any CPU.Build.0 = Debug|Any CPU
		{7FD72CEC-162F-4470-9B96-151E0AFDEA89}.Release|Any CPU.ActiveCfg = Release|Any CPU
		{7FD72CEC-162F-4470-9B96-151E0AFDEA89}.Release|Any CPU.Build.0 = Release|Any CPU
		{676AEF78-7147-49F2-A6CE-EE1D62B9695C}.Debug|Any CPU.ActiveCfg = Debug|Any CPU
		{676AEF78-7147-49F2-A6CE-EE1D62B9695C}.Debug|Any CPU.Build.0 = Debug|Any CPU
		{676AEF78-7147-49F2-A6CE-EE1D62B9695C}.Release|Any CPU.ActiveCfg = Release|Any CPU
		{676AEF78-7147-49F2-A6CE-EE1D62B9695C}.Release|Any CPU.Build.0 = Release|Any CPU
		{0104AE5A-487F-4602-9EB1-32EDB014A0A0}.Debug|Any CPU.ActiveCfg = Debug|Any CPU
		{0104AE5A-487F-4602-9EB1-32EDB014A0A0}.Debug|Any CPU.Build.0 = Debug|Any CPU
		{0104AE5A-487F-4602-9EB1-32EDB014A0A0}.Release|Any CPU.ActiveCfg = Release|Any CPU
		{0104AE5A-487F-4602-9EB1-32EDB014A0A0}.Release|Any CPU.Build.0 = Release|Any CPU
		{737FCBAF-0C43-442A-8766-DED1901E84B0}.Debug|Any CPU.ActiveCfg = Debug|Any CPU
		{737FCBAF-0C43-442A-8766-DED1901E84B0}.Debug|Any CPU.Build.0 = Debug|Any CPU
		{737FCBAF-0C43-442A-8766-DED1901E84B0}.Release|Any CPU.ActiveCfg = Release|Any CPU
		{737FCBAF-0C43-442A-8766-DED1901E84B0}.Release|Any CPU.Build.0 = Release|Any CPU
		{E6111C96-2B3A-47DA-9C81-9F3EE95B714B}.Debug|Any CPU.ActiveCfg = Debug|Any CPU
		{E6111C96-2B3A-47DA-9C81-9F3EE95B714B}.Debug|Any CPU.Build.0 = Debug|Any CPU
		{E6111C96-2B3A-47DA-9C81-9F3EE95B714B}.Release|Any CPU.ActiveCfg = Release|Any CPU
		{E6111C96-2B3A-47DA-9C81-9F3EE95B714B}.Release|Any CPU.Build.0 = Release|Any CPU
		{E3D1A47D-9414-4ED3-8F00-0AE89D29A8F8}.Debug|Any CPU.ActiveCfg = Debug|Any CPU
		{E3D1A47D-9414-4ED3-8F00-0AE89D29A8F8}.Debug|Any CPU.Build.0 = Debug|Any CPU
		{E3D1A47D-9414-4ED3-8F00-0AE89D29A8F8}.Release|Any CPU.ActiveCfg = Release|Any CPU
		{E3D1A47D-9414-4ED3-8F00-0AE89D29A8F8}.Release|Any CPU.Build.0 = Release|Any CPU
		{3DDA2216-F3A3-49AC-A6BB-FC8103CDE50E}.Debug|Any CPU.ActiveCfg = Debug|Any CPU
		{3DDA2216-F3A3-49AC-A6BB-FC8103CDE50E}.Debug|Any CPU.Build.0 = Debug|Any CPU
		{3DDA2216-F3A3-49AC-A6BB-FC8103CDE50E}.Release|Any CPU.ActiveCfg = Release|Any CPU
		{3DDA2216-F3A3-49AC-A6BB-FC8103CDE50E}.Release|Any CPU.Build.0 = Release|Any CPU
		{C9D77A74-05B7-4F4F-BB89-E20CBAB4780F}.Debug|Any CPU.ActiveCfg = Debug|Any CPU
		{C9D77A74-05B7-4F4F-BB89-E20CBAB4780F}.Debug|Any CPU.Build.0 = Debug|Any CPU
		{C9D77A74-05B7-4F4F-BB89-E20CBAB4780F}.Release|Any CPU.ActiveCfg = Release|Any CPU
		{C9D77A74-05B7-4F4F-BB89-E20CBAB4780F}.Release|Any CPU.Build.0 = Release|Any CPU
	EndGlobalSection
	GlobalSection(SolutionProperties) = preSolution
		HideSolutionNode = FALSE
	EndGlobalSection
	GlobalSection(NestedProjects) = preSolution
		{17F82044-4AD7-4113-94C9-7E24C28D5F5D} = {E9F39ADB-1A77-4205-8E24-7396BC55CF78}
		{06E38CB7-5761-4462-8969-EC4732AB0E99} = {744666C0-E69F-4DA8-8445-BAA0139E624F}
		{B0DFFE5A-D1D1-4C61-8ABB-57F0B114095E} = {744666C0-E69F-4DA8-8445-BAA0139E624F}
		{8439137C-F543-425E-9FB2-AEE2CEC9501A} = {744666C0-E69F-4DA8-8445-BAA0139E624F}
		{7FD72CEC-162F-4470-9B96-151E0AFDEA89} = {C8347219-1C67-45B6-BD1E-00FD5DDFF94C}
		{676AEF78-7147-49F2-A6CE-EE1D62B9695C} = {C8347219-1C67-45B6-BD1E-00FD5DDFF94C}
		{0104AE5A-487F-4602-9EB1-32EDB014A0A0} = {C8347219-1C67-45B6-BD1E-00FD5DDFF94C}
		{737FCBAF-0C43-442A-8766-DED1901E84B0} = {02EA681E-C7D8-13C7-8484-4AC65E1B71E8}
		{E6111C96-2B3A-47DA-9C81-9F3EE95B714B} = {02EA681E-C7D8-13C7-8484-4AC65E1B71E8}
		{E3D1A47D-9414-4ED3-8F00-0AE89D29A8F8} = {02EA681E-C7D8-13C7-8484-4AC65E1B71E8}
		{3DDA2216-F3A3-49AC-A6BB-FC8103CDE50E} = {E9F39ADB-1A77-4205-8E24-7396BC55CF78}
		{C9D77A74-05B7-4F4F-BB89-E20CBAB4780F} = {E9F39ADB-1A77-4205-8E24-7396BC55CF78}
	EndGlobalSection
	GlobalSection(ExtensibilityGlobals) = postSolution
		SolutionGuid = {E01D5365-332F-4A49-8820-58BFB761EB89}
	EndGlobalSection
EndGlobal
