
Microsoft Visual Studio Solution File, Format Version 12.00
# Visual Studio Version 17
VisualStudioVersion = 17.3.32929.385
MinimumVisualStudioVersion = 10.0.40219.1
Project("{FAE04EC0-301F-11D3-BF4B-00C04F79EFBC}") = "01 randomize words", "01 randomize words\01 randomize words.csproj", "{77C68968-86BF-4794-93AA-C74C9FD454E6}"
EndProject
Global
	GlobalSection(SolutionConfigurationPlatforms) = preSolution
		Debug|Any CPU = Debug|Any CPU
		Release|Any CPU = Release|Any CPU
	EndGlobalSection
	GlobalSection(ProjectConfigurationPlatforms) = postSolution
		{77C68968-86BF-4794-93AA-C74C9FD454E6}.Debug|Any CPU.ActiveCfg = Debug|Any CPU
		{77C68968-86BF-4794-93AA-C74C9FD454E6}.Debug|Any CPU.Build.0 = Debug|Any CPU
		{77C68968-86BF-4794-93AA-C74C9FD454E6}.Release|Any CPU.ActiveCfg = Release|Any CPU
		{77C68968-86BF-4794-93AA-C74C9FD454E6}.Release|Any CPU.Build.0 = Release|Any CPU
	EndGlobalSection
	GlobalSection(SolutionProperties) = preSolution
		HideSolutionNode = FALSE
	EndGlobalSection
	GlobalSection(ExtensibilityGlobals) = postSolution
		SolutionGuid = {AAC8EF2E-C349-43D3-BE27-1B5BA54B5B69}
	EndGlobalSection
EndGlobal
