
Microsoft Visual Studio Solution File, Format Version 12.00
# Visual Studio Version 17
VisualStudioVersion = 17.3.32929.385
MinimumVisualStudioVersion = 10.0.40219.1
Project("{FAE04EC0-301F-11D3-BF4B-00C04F79EFBC}") = "1va zadacha", "while-цикъл\1va zadacha.csproj", "{CC879265-27F1-4C06-A257-2633D66BFFAB}"
EndProject
Project("{FAE04EC0-301F-11D3-BF4B-00C04F79EFBC}") = "2ra zadacha", "2ra zadacha\2ra zadacha.csproj", "{09F42B9D-E805-4113-AAF2-82F7983EA92C}"
EndProject
Project("{FAE04EC0-301F-11D3-BF4B-00C04F79EFBC}") = "3ta zadacha", "3ta zadacha\3ta zadacha.csproj", "{F5084D40-227C-4705-987B-A39A671E07D5}"
EndProject
Project("{FAE04EC0-301F-11D3-BF4B-00C04F79EFBC}") = "5ta zadacha", "5ta zadacha\5ta zadacha.csproj", "{3D3CCD4D-FBF4-43FF-86E3-41588279CA3F}"
EndProject
Project("{FAE04EC0-301F-11D3-BF4B-00C04F79EFBC}") = "4ta zadacha", "4ta zadacha\4ta zadacha.csproj", "{B372E427-7BCD-48F8-A1A6-7A47828476F3}"
EndProject
Project("{FAE04EC0-301F-11D3-BF4B-00C04F79EFBC}") = "6ta zadacha", "6ta zadacha\6ta zadacha.csproj", "{16399C1B-F50C-4FAB-833C-98481E8F60BB}"
EndProject
Project("{FAE04EC0-301F-11D3-BF4B-00C04F79EFBC}") = "7ma zadacha", "7ma zadacha\7ma zadacha.csproj", "{A2A1384C-76E5-4573-B53D-D9873C561A72}"
EndProject
Project("{FAE04EC0-301F-11D3-BF4B-00C04F79EFBC}") = "8ma zadacha", "8ma zadacha\8ma zadacha.csproj", "{C6EE55B1-416B-4C63-AB21-89100FDB10AF}"
EndProject
Global
	GlobalSection(SolutionConfigurationPlatforms) = preSolution
		Debug|Any CPU = Debug|Any CPU
		Release|Any CPU = Release|Any CPU
	EndGlobalSection
	GlobalSection(ProjectConfigurationPlatforms) = postSolution
		{CC879265-27F1-4C06-A257-2633D66BFFAB}.Debug|Any CPU.ActiveCfg = Debug|Any CPU
		{CC879265-27F1-4C06-A257-2633D66BFFAB}.Debug|Any CPU.Build.0 = Debug|Any CPU
		{CC879265-27F1-4C06-A257-2633D66BFFAB}.Release|Any CPU.ActiveCfg = Release|Any CPU
		{CC879265-27F1-4C06-A257-2633D66BFFAB}.Release|Any CPU.Build.0 = Release|Any CPU
		{09F42B9D-E805-4113-AAF2-82F7983EA92C}.Debug|Any CPU.ActiveCfg = Debug|Any CPU
		{09F42B9D-E805-4113-AAF2-82F7983EA92C}.Debug|Any CPU.Build.0 = Debug|Any CPU
		{09F42B9D-E805-4113-AAF2-82F7983EA92C}.Release|Any CPU.ActiveCfg = Release|Any CPU
		{09F42B9D-E805-4113-AAF2-82F7983EA92C}.Release|Any CPU.Build.0 = Release|Any CPU
		{F5084D40-227C-4705-987B-A39A671E07D5}.Debug|Any CPU.ActiveCfg = Debug|Any CPU
		{F5084D40-227C-4705-987B-A39A671E07D5}.Debug|Any CPU.Build.0 = Debug|Any CPU
		{F5084D40-227C-4705-987B-A39A671E07D5}.Release|Any CPU.ActiveCfg = Release|Any CPU
		{F5084D40-227C-4705-987B-A39A671E07D5}.Release|Any CPU.Build.0 = Release|Any CPU
		{3D3CCD4D-FBF4-43FF-86E3-41588279CA3F}.Debug|Any CPU.ActiveCfg = Debug|Any CPU
		{3D3CCD4D-FBF4-43FF-86E3-41588279CA3F}.Debug|Any CPU.Build.0 = Debug|Any CPU
		{3D3CCD4D-FBF4-43FF-86E3-41588279CA3F}.Release|Any CPU.ActiveCfg = Release|Any CPU
		{3D3CCD4D-FBF4-43FF-86E3-41588279CA3F}.Release|Any CPU.Build.0 = Release|Any CPU
		{B372E427-7BCD-48F8-A1A6-7A47828476F3}.Debug|Any CPU.ActiveCfg = Debug|Any CPU
		{B372E427-7BCD-48F8-A1A6-7A47828476F3}.Debug|Any CPU.Build.0 = Debug|Any CPU
		{B372E427-7BCD-48F8-A1A6-7A47828476F3}.Release|Any CPU.ActiveCfg = Release|Any CPU
		{B372E427-7BCD-48F8-A1A6-7A47828476F3}.Release|Any CPU.Build.0 = Release|Any CPU
		{16399C1B-F50C-4FAB-833C-98481E8F60BB}.Debug|Any CPU.ActiveCfg = Debug|Any CPU
		{16399C1B-F50C-4FAB-833C-98481E8F60BB}.Debug|Any CPU.Build.0 = Debug|Any CPU
		{16399C1B-F50C-4FAB-833C-98481E8F60BB}.Release|Any CPU.ActiveCfg = Release|Any CPU
		{16399C1B-F50C-4FAB-833C-98481E8F60BB}.Release|Any CPU.Build.0 = Release|Any CPU
		{A2A1384C-76E5-4573-B53D-D9873C561A72}.Debug|Any CPU.ActiveCfg = Debug|Any CPU
		{A2A1384C-76E5-4573-B53D-D9873C561A72}.Debug|Any CPU.Build.0 = Debug|Any CPU
		{A2A1384C-76E5-4573-B53D-D9873C561A72}.Release|Any CPU.ActiveCfg = Release|Any CPU
		{A2A1384C-76E5-4573-B53D-D9873C561A72}.Release|Any CPU.Build.0 = Release|Any CPU
		{C6EE55B1-416B-4C63-AB21-89100FDB10AF}.Debug|Any CPU.ActiveCfg = Debug|Any CPU
		{C6EE55B1-416B-4C63-AB21-89100FDB10AF}.Debug|Any CPU.Build.0 = Debug|Any CPU
		{C6EE55B1-416B-4C63-AB21-89100FDB10AF}.Release|Any CPU.ActiveCfg = Release|Any CPU
		{C6EE55B1-416B-4C63-AB21-89100FDB10AF}.Release|Any CPU.Build.0 = Release|Any CPU
	EndGlobalSection
	GlobalSection(SolutionProperties) = preSolution
		HideSolutionNode = FALSE
	EndGlobalSection
	GlobalSection(ExtensibilityGlobals) = postSolution
		SolutionGuid = {5685DCC3-486B-4056-9144-B7C87CE06E7B}
	EndGlobalSection
EndGlobal
