
Microsoft Visual Studio Solution File, Format Version 12.00
# Visual Studio Version 17
VisualStudioVersion = 17.3.32929.385
MinimumVisualStudioVersion = 10.0.40219.1
Project("{9A19103F-16F7-4668-BE54-9A1E7A4F7556}") = "SmartDevice", "SmartDevice\SmartDevice.csproj", "{B87925D3-5174-4052-A81A-0B7F1ECCD791}"
EndProject
Project("{9A19103F-16F7-4668-BE54-9A1E7A4F7556}") = "SmartDevice.Tests", "SmartDevice.Tests\SmartDevice.Tests.csproj", "{5FEB2175-D7ED-495F-89D8-4CB4FC6493D2}"
EndProject
Global
	GlobalSection(SolutionConfigurationPlatforms) = preSolution
		Debug|Any CPU = Debug|Any CPU
		Release|Any CPU = Release|Any CPU
	EndGlobalSection
	GlobalSection(ProjectConfigurationPlatforms) = postSolution
		{B87925D3-5174-4052-A81A-0B7F1ECCD791}.Debug|Any CPU.ActiveCfg = Debug|Any CPU
		{B87925D3-5174-4052-A81A-0B7F1ECCD791}.Debug|Any CPU.Build.0 = Debug|Any CPU
		{B87925D3-5174-4052-A81A-0B7F1ECCD791}.Release|Any CPU.ActiveCfg = Release|Any CPU
		{B87925D3-5174-4052-A81A-0B7F1ECCD791}.Release|Any CPU.Build.0 = Release|Any CPU
		{5FEB2175-D7ED-495F-89D8-4CB4FC6493D2}.Debug|Any CPU.ActiveCfg = Debug|Any CPU
		{5FEB2175-D7ED-495F-89D8-4CB4FC6493D2}.Debug|Any CPU.Build.0 = Debug|Any CPU
		{5FEB2175-D7ED-495F-89D8-4CB4FC6493D2}.Release|Any CPU.ActiveCfg = Release|Any CPU
		{5FEB2175-D7ED-495F-89D8-4CB4FC6493D2}.Release|Any CPU.Build.0 = Release|Any CPU
	EndGlobalSection
	GlobalSection(SolutionProperties) = preSolution
		HideSolutionNode = FALSE
	EndGlobalSection
	GlobalSection(ExtensibilityGlobals) = postSolution
		SolutionGuid = {8DE3BD2B-0E0C-4370-8A94-5C8EEC8D3416}
	EndGlobalSection
EndGlobal
