
Microsoft Visual Studio Solution File, Format Version 12.00
# Visual Studio Version 17
VisualStudioVersion = 17.3.32929.385
MinimumVisualStudioVersion = 10.0.40219.1
Project("{FAE04EC0-301F-11D3-BF4B-00C04F79EFBC}") = "IteratorsAndComparators", "IteratorsAndComparators\IteratorsAndComparators.csproj", "{B6F7C523-2CCC-4DBC-B152-DEEA24E6995F}"
EndProject
Global
	GlobalSection(SolutionConfigurationPlatforms) = preSolution
		Debug|Any CPU = Debug|Any CPU
		Release|Any CPU = Release|Any CPU
	EndGlobalSection
	GlobalSection(ProjectConfigurationPlatforms) = postSolution
		{B6F7C523-2CCC-4DBC-B152-DEEA24E6995F}.Debug|Any CPU.ActiveCfg = Debug|Any CPU
		{B6F7C523-2CCC-4DBC-B152-DEEA24E6995F}.Debug|Any CPU.Build.0 = Debug|Any CPU
		{B6F7C523-2CCC-4DBC-B152-DEEA24E6995F}.Release|Any CPU.ActiveCfg = Release|Any CPU
		{B6F7C523-2CCC-4DBC-B152-DEEA24E6995F}.Release|Any CPU.Build.0 = Release|Any CPU
	EndGlobalSection
	GlobalSection(SolutionProperties) = preSolution
		HideSolutionNode = FALSE
	EndGlobalSection
	GlobalSection(ExtensibilityGlobals) = postSolution
		SolutionGuid = {29B09D32-BEC1-4787-95C5-1B6D2CF522BF}
	EndGlobalSection
EndGlobal
