
Microsoft Visual Studio Solution File, Format Version 12.00
# Visual Studio Version 17
VisualStudioVersion = 17.3.32929.385
MinimumVisualStudioVersion = 10.0.40219.1
Project("{FAE04EC0-301F-11D3-BF4B-00C04F79EFBC}") = "ConsoleApp2", "ConsoleApp2\ConsoleApp2.csproj", "{FAC032CD-EC43-40F7-9405-31E6C20BF92A}"
EndProject
Project("{FAE04EC0-301F-11D3-BF4B-00C04F79EFBC}") = "ConsoleApp3", "ConsoleApp3\ConsoleApp3.csproj", "{0FF1C7B6-B749-4413-A7BD-16D1F8D1C60C}"
EndProject
Global
	GlobalSection(SolutionConfigurationPlatforms) = preSolution
		Debug|Any CPU = Debug|Any CPU
		Release|Any CPU = Release|Any CPU
	EndGlobalSection
	GlobalSection(ProjectConfigurationPlatforms) = postSolution
		{FAC032CD-EC43-40F7-9405-31E6C20BF92A}.Debug|Any CPU.ActiveCfg = Debug|Any CPU
		{FAC032CD-EC43-40F7-9405-31E6C20BF92A}.Debug|Any CPU.Build.0 = Debug|Any CPU
		{FAC032CD-EC43-40F7-9405-31E6C20BF92A}.Release|Any CPU.ActiveCfg = Release|Any CPU
		{FAC032CD-EC43-40F7-9405-31E6C20BF92A}.Release|Any CPU.Build.0 = Release|Any CPU
		{0FF1C7B6-B749-4413-A7BD-16D1F8D1C60C}.Debug|Any CPU.ActiveCfg = Debug|Any CPU
		{0FF1C7B6-B749-4413-A7BD-16D1F8D1C60C}.Debug|Any CPU.Build.0 = Debug|Any CPU
		{0FF1C7B6-B749-4413-A7BD-16D1F8D1C60C}.Release|Any CPU.ActiveCfg = Release|Any CPU
		{0FF1C7B6-B749-4413-A7BD-16D1F8D1C60C}.Release|Any CPU.Build.0 = Release|Any CPU
	EndGlobalSection
	GlobalSection(SolutionProperties) = preSolution
		HideSolutionNode = FALSE
	EndGlobalSection
	GlobalSection(ExtensibilityGlobals) = postSolution
		SolutionGuid = {8BDACB77-8A7A-4BEB-B53D-947E29091915}
	EndGlobalSection
EndGlobal
