
Microsoft Visual Studio Solution File, Format Version 12.00
# Visual Studio Version 17
VisualStudioVersion = 17.13.35931.197 d17.13
MinimumVisualStudioVersion = 10.0.40219.1
Project("{FAE04EC0-301F-11D3-BF4B-00C04F79EFBC}") = "CinemaApp", "CinemaApp\CinemaApp.csproj", "{FBFD6296-16A3-4DDC-9BFA-7DF90248BC47}"
EndProject
Global
	GlobalSection(SolutionConfigurationPlatforms) = preSolution
		Debug|Any CPU = Debug|Any CPU
		Release|Any CPU = Release|Any CPU
	EndGlobalSection
	GlobalSection(ProjectConfigurationPlatforms) = postSolution
		{FBFD6296-16A3-4DDC-9BFA-7DF90248BC47}.Debug|Any CPU.ActiveCfg = Debug|Any CPU
		{FBFD6296-16A3-4DDC-9BFA-7DF90248BC47}.Debug|Any CPU.Build.0 = Debug|Any CPU
		{FBFD6296-16A3-4DDC-9BFA-7DF90248BC47}.Release|Any CPU.ActiveCfg = Release|Any CPU
		{FBFD6296-16A3-4DDC-9BFA-7DF90248BC47}.Release|Any CPU.Build.0 = Release|Any CPU
	EndGlobalSection
	GlobalSection(SolutionProperties) = preSolution
		HideSolutionNode = FALSE
	EndGlobalSection
	GlobalSection(ExtensibilityGlobals) = postSolution
		SolutionGuid = {64A14B00-3F77-4A8D-B4EA-51EC2E93BC86}
	EndGlobalSection
EndGlobal
