
Microsoft Visual Studio Solution File, Format Version 12.00
# Visual Studio Version 17
VisualStudioVersion = 17.3.32929.385
MinimumVisualStudioVersion = 10.0.40219.1
Project("{FAE04EC0-301F-11D3-BF4B-00C04F79EFBC}") = "testing something", "testing something\testing something.csproj", "{0F9F8EDC-1646-4063-ACF3-B757DA195550}"
EndProject
Global
	GlobalSection(SolutionConfigurationPlatforms) = preSolution
		Debug|Any CPU = Debug|Any CPU
		Release|Any CPU = Release|Any CPU
	EndGlobalSection
	GlobalSection(ProjectConfigurationPlatforms) = postSolution
		{0F9F8EDC-1646-4063-ACF3-B757DA195550}.Debug|Any CPU.ActiveCfg = Debug|Any CPU
		{0F9F8EDC-1646-4063-ACF3-B757DA195550}.Debug|Any CPU.Build.0 = Debug|Any CPU
		{0F9F8EDC-1646-4063-ACF3-B757DA195550}.Release|Any CPU.ActiveCfg = Release|Any CPU
		{0F9F8EDC-1646-4063-ACF3-B757DA195550}.Release|Any CPU.Build.0 = Release|Any CPU
	EndGlobalSection
	GlobalSection(SolutionProperties) = preSolution
		HideSolutionNode = FALSE
	EndGlobalSection
	GlobalSection(ExtensibilityGlobals) = postSolution
		SolutionGuid = {4A822F8A-32E5-406B-9CB3-51CBC982EFA6}
	EndGlobalSection
EndGlobal
