
Microsoft Visual Studio Solution File, Format Version 12.00
# Visual Studio Version 17
VisualStudioVersion = 17.3.32929.385
MinimumVisualStudioVersion = 10.0.40219.1
Project("{FAE04EC0-301F-11D3-BF4B-00C04F79EFBC}") = "01 counter strike", "ConsoleApp1\01 counter strike.csproj", "{21F043AE-EBFB-4702-BE8A-80A4BA86E4B6}"
EndProject
Project("{FAE04EC0-301F-11D3-BF4B-00C04F79EFBC}") = "02 treasure hunt", "02\02 treasure hunt.csproj", "{5D8103F7-EC51-4CB2-8A6F-320787607F84}"
EndProject
Project("{FAE04EC0-301F-11D3-BF4B-00C04F79EFBC}") = "03 memory game", "03\03 memory game.csproj", "{6D80DC95-3E49-43A5-B95D-2A9332015EF6}"
EndProject
Global
	GlobalSection(SolutionConfigurationPlatforms) = preSolution
		Debug|Any CPU = Debug|Any CPU
		Release|Any CPU = Release|Any CPU
	EndGlobalSection
	GlobalSection(ProjectConfigurationPlatforms) = postSolution
		{21F043AE-EBFB-4702-BE8A-80A4BA86E4B6}.Debug|Any CPU.ActiveCfg = Debug|Any CPU
		{21F043AE-EBFB-4702-BE8A-80A4BA86E4B6}.Debug|Any CPU.Build.0 = Debug|Any CPU
		{21F043AE-EBFB-4702-BE8A-80A4BA86E4B6}.Release|Any CPU.ActiveCfg = Release|Any CPU
		{21F043AE-EBFB-4702-BE8A-80A4BA86E4B6}.Release|Any CPU.Build.0 = Release|Any CPU
		{5D8103F7-EC51-4CB2-8A6F-320787607F84}.Debug|Any CPU.ActiveCfg = Debug|Any CPU
		{5D8103F7-EC51-4CB2-8A6F-320787607F84}.Debug|Any CPU.Build.0 = Debug|Any CPU
		{5D8103F7-EC51-4CB2-8A6F-320787607F84}.Release|Any CPU.ActiveCfg = Release|Any CPU
		{5D8103F7-EC51-4CB2-8A6F-320787607F84}.Release|Any CPU.Build.0 = Release|Any CPU
		{6D80DC95-3E49-43A5-B95D-2A9332015EF6}.Debug|Any CPU.ActiveCfg = Debug|Any CPU
		{6D80DC95-3E49-43A5-B95D-2A9332015EF6}.Debug|Any CPU.Build.0 = Debug|Any CPU
		{6D80DC95-3E49-43A5-B95D-2A9332015EF6}.Release|Any CPU.ActiveCfg = Release|Any CPU
		{6D80DC95-3E49-43A5-B95D-2A9332015EF6}.Release|Any CPU.Build.0 = Release|Any CPU
	EndGlobalSection
	GlobalSection(SolutionProperties) = preSolution
		HideSolutionNode = FALSE
	EndGlobalSection
	GlobalSection(ExtensibilityGlobals) = postSolution
		SolutionGuid = {65B7A510-BC77-4862-AD14-788C2A16BFB1}
	EndGlobalSection
EndGlobal
