
Microsoft Visual Studio Solution File, Format Version 12.00
# Visual Studio Version 17
VisualStudioVersion = 17.3.32929.385
MinimumVisualStudioVersion = 10.0.40219.1
Project("{FAE04EC0-301F-11D3-BF4B-00C04F79EFBC}") = "01.ApocalypsePreparation", "01.ApocalypsePreparation\01.ApocalypsePreparation.csproj", "{AD38205C-033A-4C87-9141-55E115549133}"
EndProject
Project("{FAE04EC0-301F-11D3-BF4B-00C04F79EFBC}") = "02.BlindMan'sBuff", "02.BlindMan'sBuff\02.BlindMan'sBuff.csproj", "{3FAD9065-2681-44FB-8100-592C30F032AF}"
EndProject
Project("{9A19103F-16F7-4668-BE54-9A1E7A4F7556}") = "SoftUniKindergarten", "03.SoftUniKindergarten\SoftUniKindergarten.csproj", "{0F2E884F-A1C2-456E-A43E-61A2271E17C9}"
EndProject
Global
	GlobalSection(SolutionConfigurationPlatforms) = preSolution
		Debug|Any CPU = Debug|Any CPU
		Release|Any CPU = Release|Any CPU
	EndGlobalSection
	GlobalSection(ProjectConfigurationPlatforms) = postSolution
		{AD38205C-033A-4C87-9141-55E115549133}.Debug|Any CPU.ActiveCfg = Debug|Any CPU
		{AD38205C-033A-4C87-9141-55E115549133}.Debug|Any CPU.Build.0 = Debug|Any CPU
		{AD38205C-033A-4C87-9141-55E115549133}.Release|Any CPU.ActiveCfg = Release|Any CPU
		{AD38205C-033A-4C87-9141-55E115549133}.Release|Any CPU.Build.0 = Release|Any CPU
		{3FAD9065-2681-44FB-8100-592C30F032AF}.Debug|Any CPU.ActiveCfg = Debug|Any CPU
		{3FAD9065-2681-44FB-8100-592C30F032AF}.Debug|Any CPU.Build.0 = Debug|Any CPU
		{3FAD9065-2681-44FB-8100-592C30F032AF}.Release|Any CPU.ActiveCfg = Release|Any CPU
		{3FAD9065-2681-44FB-8100-592C30F032AF}.Release|Any CPU.Build.0 = Release|Any CPU
		{0F2E884F-A1C2-456E-A43E-61A2271E17C9}.Debug|Any CPU.ActiveCfg = Debug|Any CPU
		{0F2E884F-A1C2-456E-A43E-61A2271E17C9}.Debug|Any CPU.Build.0 = Debug|Any CPU
		{0F2E884F-A1C2-456E-A43E-61A2271E17C9}.Release|Any CPU.ActiveCfg = Release|Any CPU
		{0F2E884F-A1C2-456E-A43E-61A2271E17C9}.Release|Any CPU.Build.0 = Release|Any CPU
	EndGlobalSection
	GlobalSection(SolutionProperties) = preSolution
		HideSolutionNode = FALSE
	EndGlobalSection
	GlobalSection(ExtensibilityGlobals) = postSolution
		SolutionGuid = {C6D309C0-5853-4168-A499-8A6E994C8461}
	EndGlobalSection
EndGlobal
