
Microsoft Visual Studio Solution File, Format Version 12.00
# Visual Studio Version 17
VisualStudioVersion = 17.3.32929.385
MinimumVisualStudioVersion = 10.0.40219.1
Project("{FAE04EC0-301F-11D3-BF4B-00C04F79EFBC}") = "ConsoleApp1", "ConsoleApp1\ConsoleApp1.csproj", "{A876D59E-0A87-417B-8316-7DF9050BB47A}"
EndProject
Global
	GlobalSection(SolutionConfigurationPlatforms) = preSolution
		Debug|Any CPU = Debug|Any CPU
		Release|Any CPU = Release|Any CPU
	EndGlobalSection
	GlobalSection(ProjectConfigurationPlatforms) = postSolution
		{A876D59E-0A87-417B-8316-7DF9050BB47A}.Debug|Any CPU.ActiveCfg = Debug|Any CPU
		{A876D59E-0A87-417B-8316-7DF9050BB47A}.Debug|Any CPU.Build.0 = Debug|Any CPU
		{A876D59E-0A87-417B-8316-7DF9050BB47A}.Release|Any CPU.ActiveCfg = Release|Any CPU
		{A876D59E-0A87-417B-8316-7DF9050BB47A}.Release|Any CPU.Build.0 = Release|Any CPU
	EndGlobalSection
	GlobalSection(SolutionProperties) = preSolution
		HideSolutionNode = FALSE
	EndGlobalSection
	GlobalSection(ExtensibilityGlobals) = postSolution
		SolutionGuid = {B3E3BD0A-24B9-41A9-AAC9-AF5C13AC6F0D}
	EndGlobalSection
EndGlobal
