
Microsoft Visual Studio Solution File, Format Version 12.00
# Visual Studio Version 17
VisualStudioVersion = 17.3.32929.385
MinimumVisualStudioVersion = 10.0.40219.1
Project("{FAE04EC0-301F-11D3-BF4B-00C04F79EFBC}") = "UnitTesting", "UnitTesting\UnitTesting.csproj", "{55ED2AFE-CC72-43F9-B26C-D73EFB2A1C87}"
EndProject
Project("{9A19103F-16F7-4668-BE54-9A1E7A4F7556}") = "Skeleton", "Skeleton\Skeleton.csproj", "{350B9E72-A0C3-47DA-8F10-F69C0739D9C5}"
EndProject
Project("{9A19103F-16F7-4668-BE54-9A1E7A4F7556}") = "Skeleton.Tests", "Skeleton.Tests\Skeleton.Tests.csproj", "{A38AEC7B-FC71-4C3C-90BE-25E8DE2FAD5E}"
EndProject
Global
	GlobalSection(SolutionConfigurationPlatforms) = preSolution
		Debug|Any CPU = Debug|Any CPU
		Release|Any CPU = Release|Any CPU
	EndGlobalSection
	GlobalSection(ProjectConfigurationPlatforms) = postSolution
		{55ED2AFE-CC72-43F9-B26C-D73EFB2A1C87}.Debug|Any CPU.ActiveCfg = Debug|Any CPU
		{55ED2AFE-CC72-43F9-B26C-D73EFB2A1C87}.Debug|Any CPU.Build.0 = Debug|Any CPU
		{55ED2AFE-CC72-43F9-B26C-D73EFB2A1C87}.Release|Any CPU.ActiveCfg = Release|Any CPU
		{55ED2AFE-CC72-43F9-B26C-D73EFB2A1C87}.Release|Any CPU.Build.0 = Release|Any CPU
		{350B9E72-A0C3-47DA-8F10-F69C0739D9C5}.Debug|Any CPU.ActiveCfg = Debug|Any CPU
		{350B9E72-A0C3-47DA-8F10-F69C0739D9C5}.Debug|Any CPU.Build.0 = Debug|Any CPU
		{350B9E72-A0C3-47DA-8F10-F69C0739D9C5}.Release|Any CPU.ActiveCfg = Release|Any CPU
		{350B9E72-A0C3-47DA-8F10-F69C0739D9C5}.Release|Any CPU.Build.0 = Release|Any CPU
		{A38AEC7B-FC71-4C3C-90BE-25E8DE2FAD5E}.Debug|Any CPU.ActiveCfg = Debug|Any CPU
		{A38AEC7B-FC71-4C3C-90BE-25E8DE2FAD5E}.Debug|Any CPU.Build.0 = Debug|Any CPU
		{A38AEC7B-FC71-4C3C-90BE-25E8DE2FAD5E}.Release|Any CPU.ActiveCfg = Release|Any CPU
		{A38AEC7B-FC71-4C3C-90BE-25E8DE2FAD5E}.Release|Any CPU.Build.0 = Release|Any CPU
	EndGlobalSection
	GlobalSection(SolutionProperties) = preSolution
		HideSolutionNode = FALSE
	EndGlobalSection
	GlobalSection(ExtensibilityGlobals) = postSolution
		SolutionGuid = {74FF719A-40CA-44D7-8EBC-9CE8336CD1AC}
	EndGlobalSection
EndGlobal
