
Microsoft Visual Studio Solution File, Format Version 12.00
# Visual Studio Version 17
VisualStudioVersion = 17.3.32929.385
MinimumVisualStudioVersion = 10.0.40219.1
Project("{FAE04EC0-301F-11D3-BF4B-00C04F79EFBC}") = "01 reverse strings", "ConsoleApp1\01 reverse strings.csproj", "{4FEAB271-2885-43F4-9060-1BE85B8D2729}"
EndProject
Project("{FAE04EC0-301F-11D3-BF4B-00C04F79EFBC}") = "02 repeat strings", "ConsoleApp2\02 repeat strings.csproj", "{B82BBC0B-5131-405E-8243-0EC8166975C2}"
EndProject
Project("{FAE04EC0-301F-11D3-BF4B-00C04F79EFBC}") = "03 substrings", "03 substrings\03 substrings.csproj", "{B37D63F9-B053-462E-97B3-9186FDDE4859}"
EndProject
Project("{FAE04EC0-301F-11D3-BF4B-00C04F79EFBC}") = "04 text filter", "04 text filter\04 text filter.csproj", "{F6B443CD-43E2-4809-BFD3-3BAE30340BED}"
EndProject
Project("{FAE04EC0-301F-11D3-BF4B-00C04F79EFBC}") = "05 digits,letters and other", "05 digits,letters and other\05 digits,letters and other.csproj", "{0DE05D31-CF4E-4323-89C0-48A4C7945475}"
EndProject
Global
	GlobalSection(SolutionConfigurationPlatforms) = preSolution
		Debug|Any CPU = Debug|Any CPU
		Release|Any CPU = Release|Any CPU
	EndGlobalSection
	GlobalSection(ProjectConfigurationPlatforms) = postSolution
		{4FEAB271-2885-43F4-9060-1BE85B8D2729}.Debug|Any CPU.ActiveCfg = Debug|Any CPU
		{4FEAB271-2885-43F4-9060-1BE85B8D2729}.Debug|Any CPU.Build.0 = Debug|Any CPU
		{4FEAB271-2885-43F4-9060-1BE85B8D2729}.Release|Any CPU.ActiveCfg = Release|Any CPU
		{4FEAB271-2885-43F4-9060-1BE85B8D2729}.Release|Any CPU.Build.0 = Release|Any CPU
		{B82BBC0B-5131-405E-8243-0EC8166975C2}.Debug|Any CPU.ActiveCfg = Debug|Any CPU
		{B82BBC0B-5131-405E-8243-0EC8166975C2}.Debug|Any CPU.Build.0 = Debug|Any CPU
		{B82BBC0B-5131-405E-8243-0EC8166975C2}.Release|Any CPU.ActiveCfg = Release|Any CPU
		{B82BBC0B-5131-405E-8243-0EC8166975C2}.Release|Any CPU.Build.0 = Release|Any CPU
		{B37D63F9-B053-462E-97B3-9186FDDE4859}.Debug|Any CPU.ActiveCfg = Debug|Any CPU
		{B37D63F9-B053-462E-97B3-9186FDDE4859}.Debug|Any CPU.Build.0 = Debug|Any CPU
		{B37D63F9-B053-462E-97B3-9186FDDE4859}.Release|Any CPU.ActiveCfg = Release|Any CPU
		{B37D63F9-B053-462E-97B3-9186FDDE4859}.Release|Any CPU.Build.0 = Release|Any CPU
		{F6B443CD-43E2-4809-BFD3-3BAE30340BED}.Debug|Any CPU.ActiveCfg = Debug|Any CPU
		{F6B443CD-43E2-4809-BFD3-3BAE30340BED}.Debug|Any CPU.Build.0 = Debug|Any CPU
		{F6B443CD-43E2-4809-BFD3-3BAE30340BED}.Release|Any CPU.ActiveCfg = Release|Any CPU
		{F6B443CD-43E2-4809-BFD3-3BAE30340BED}.Release|Any CPU.Build.0 = Release|Any CPU
		{0DE05D31-CF4E-4323-89C0-48A4C7945475}.Debug|Any CPU.ActiveCfg = Debug|Any CPU
		{0DE05D31-CF4E-4323-89C0-48A4C7945475}.Debug|Any CPU.Build.0 = Debug|Any CPU
		{0DE05D31-CF4E-4323-89C0-48A4C7945475}.Release|Any CPU.ActiveCfg = Release|Any CPU
		{0DE05D31-CF4E-4323-89C0-48A4C7945475}.Release|Any CPU.Build.0 = Release|Any CPU
	EndGlobalSection
	GlobalSection(SolutionProperties) = preSolution
		HideSolutionNode = FALSE
	EndGlobalSection
	GlobalSection(ExtensibilityGlobals) = postSolution
		SolutionGuid = {F7010F11-C5BE-4A6C-B43F-821007723BD5}
	EndGlobalSection
EndGlobal
